
Microsoft Visual Studio Solution File, Format Version 12.00
# Visual Studio Version 17
VisualStudioVersion = 17.3.32929.385
MinimumVisualStudioVersion = 10.0.40219.1
Project("{FAE04EC0-301F-11D3-BF4B-00C04F79EFBC}") = "MoodAnalyzer", "MoodAnalyzer.csproj", "{D102F60B-7E3D-472B-B107-650168BAA6E5}"
EndProject
Project("{FAE04EC0-301F-11D3-BF4B-00C04F79EFBC}") = "TestProject1", "..\TestProject1\TestProject1.csproj", "{E7A7F0AC-CA70-4262-9B0D-9B6835F4BFA8}"
EndProject
Global
	GlobalSection(SolutionConfigurationPlatforms) = preSolution
		Debug|Any CPU = Debug|Any CPU
		Release|Any CPU = Release|Any CPU
	EndGlobalSection
	GlobalSection(ProjectConfigurationPlatforms) = postSolution
		{D102F60B-7E3D-472B-B107-650168BAA6E5}.Debug|Any CPU.ActiveCfg = Debug|Any CPU
		{D102F60B-7E3D-472B-B107-650168BAA6E5}.Debug|Any CPU.Build.0 = Debug|Any CPU
		{D102F60B-7E3D-472B-B107-650168BAA6E5}.Release|Any CPU.ActiveCfg = Release|Any CPU
		{D102F60B-7E3D-472B-B107-650168BAA6E5}.Release|Any CPU.Build.0 = Release|Any CPU
		{E7A7F0AC-CA70-4262-9B0D-9B6835F4BFA8}.Debug|Any CPU.ActiveCfg = Debug|Any CPU
		{E7A7F0AC-CA70-4262-9B0D-9B6835F4BFA8}.Debug|Any CPU.Build.0 = Debug|Any CPU
		{E7A7F0AC-CA70-4262-9B0D-9B6835F4BFA8}.Release|Any CPU.ActiveCfg = Release|Any CPU
		{E7A7F0AC-CA70-4262-9B0D-9B6835F4BFA8}.Release|Any CPU.Build.0 = Release|Any CPU
	EndGlobalSection
	GlobalSection(SolutionProperties) = preSolution
		HideSolutionNode = FALSE
	EndGlobalSection
	GlobalSection(ExtensibilityGlobals) = postSolution
		SolutionGuid = {949127A5-9D9E-4D19-8F3F-681E7FD2ABC7}
	EndGlobalSection
EndGlobal
